
Microsoft Visual Studio Solution File, Format Version 12.00
# Visual Studio Version 17
VisualStudioVersion = 17.0.31903.59
MinimumVisualStudioVersion = 10.0.40219.1
Project("{FAE04EC0-301F-11D3-BF4B-00C04F79EFBC}") = "IntCollections", "IntCollections\IntCollections.csproj", "{BC5508CE-ABF1-401F-9851-44DAFD3FCBFB}"
EndProject
Project("{FAE04EC0-301F-11D3-BF4B-00C04F79EFBC}") = "EqualPlayer", "EqualPlayer\EqualPlayer.csproj", "{21A177FA-0485-4C71-A3F7-5B69C4A11117}"
EndProject
Project("{FAE04EC0-301F-11D3-BF4B-00C04F79EFBC}") = "FilePower1", "FilePower1\FilePower1.csproj", "{8B4CC0E4-777E-4090-9D81-9011766DADA0}"
EndProject
Global
	GlobalSection(SolutionConfigurationPlatforms) = preSolution
		Debug|Any CPU = Debug|Any CPU
		Release|Any CPU = Release|Any CPU
	EndGlobalSection
	GlobalSection(SolutionProperties) = preSolution
		HideSolutionNode = FALSE
	EndGlobalSection
	GlobalSection(ProjectConfigurationPlatforms) = postSolution
		{BC5508CE-ABF1-401F-9851-44DAFD3FCBFB}.Debug|Any CPU.ActiveCfg = Debug|Any CPU
		{BC5508CE-ABF1-401F-9851-44DAFD3FCBFB}.Debug|Any CPU.Build.0 = Debug|Any CPU
		{BC5508CE-ABF1-401F-9851-44DAFD3FCBFB}.Release|Any CPU.ActiveCfg = Release|Any CPU
		{BC5508CE-ABF1-401F-9851-44DAFD3FCBFB}.Release|Any CPU.Build.0 = Release|Any CPU
		{21A177FA-0485-4C71-A3F7-5B69C4A11117}.Debug|Any CPU.ActiveCfg = Debug|Any CPU
		{21A177FA-0485-4C71-A3F7-5B69C4A11117}.Debug|Any CPU.Build.0 = Debug|Any CPU
		{21A177FA-0485-4C71-A3F7-5B69C4A11117}.Release|Any CPU.ActiveCfg = Release|Any CPU
		{21A177FA-0485-4C71-A3F7-5B69C4A11117}.Release|Any CPU.Build.0 = Release|Any CPU
		{8B4CC0E4-777E-4090-9D81-9011766DADA0}.Debug|Any CPU.ActiveCfg = Debug|Any CPU
		{8B4CC0E4-777E-4090-9D81-9011766DADA0}.Debug|Any CPU.Build.0 = Debug|Any CPU
		{8B4CC0E4-777E-4090-9D81-9011766DADA0}.Release|Any CPU.ActiveCfg = Release|Any CPU
		{8B4CC0E4-777E-4090-9D81-9011766DADA0}.Release|Any CPU.Build.0 = Release|Any CPU
	EndGlobalSection
EndGlobal
